{
    "_readme": [
        "This file locks the dependencies of your project to a known state",
        "Read more about it at https://getcomposer.org/doc/01-basic-usage.md#composer-lock-the-lock-file",
        "This file is @generated automatically"
    ],
    "content-hash": "1ade2b0aff29dfdd0797a1467f30fb77",
    "packages": [
        {
            "name": "fortawesome/font-awesome",
            "version": "dev-master",
            "source": {
                "type": "git",
                "url": "https://github.com/FortAwesome/Font-Awesome.git",
                "reference": "bdfa9823c8b1e25a5c822f6c719ec0e38ead7f71"
            },
            "dist": {
                "type": "zip",
                "url": "https://api.github.com/repos/FortAwesome/Font-Awesome/zipball/bdfa9823c8b1e25a5c822f6c719ec0e38ead7f71",
                "reference": "bdfa9823c8b1e25a5c822f6c719ec0e38ead7f71",
                "shasum": ""
            },
            "require-dev": {
                "jekyll": "1.0.2",
                "lessc": "1.4.2"
            },
            "type": "component",
            "extra": {
                "branch-alias": {
                    "dev-master": "4.6.x-dev"
                }
            },
            "notification-url": "https://packagist.org/downloads/",
            "license": [
                "OFL-1.1",
                "MIT"
            ],
            "authors": [
                {
                    "name": "Dave Gandy",
                    "email": "dave@fontawesome.io",
                    "homepage": "http://twitter.com/davegandy",
                    "role": "Developer"
                }
            ],
            "description": "The iconic font and CSS framework",
            "homepage": "http://fontawesome.io/",
            "keywords": [
                "FontAwesome",
                "awesome",
                "bootstrap",
                "font",
                "icon"
            ],
            "time": "2017-12-07 17:45:40"
        }
    ],
    "packages-dev": [],
    "aliases": [],
    "minimum-stability": "stable",
    "stability-flags": {
        "fortawesome/font-awesome": 20
    },
    "prefer-stable": false,
    "prefer-lowest": false,
    "platform": [],
    "platform-dev": []
}
